// !$*UTF8*$!
{
	archiveVersion = 1;
	classes = {
	};
	objectVersion = 50;
	objects = {

/* Begin PBXBuildFile section */
		6C1FA0D92442978E00E419EB /* AppDelegate.swift in Sources */ = {isa = PBXBuildFile; fileRef = 6C1FA0D82442978E00E419EB /* AppDelegate.swift */; };
		6C1FA0DB2442978E00E419EB /* SceneDelegate.swift in Sources */ = {isa = PBXBuildFile; fileRef = 6C1FA0DA2442978E00E419EB /* SceneDelegate.swift */; };
		6C1FA0DD2442978E00E419EB /* ViewController.swift in Sources */ = {isa = PBXBuildFile; fileRef = 6C1FA0DC2442978E00E419EB /* ViewController.swift */; };
		6C1FA0E02442978E00E419EB /* Main.storyboard in Resources */ = {isa = PBXBuildFile; fileRef = 6C1FA0DE2442978E00E419EB /* Main.storyboard */; };
		6C1FA0E32442978E00E419EB /* Unifier.xcdatamodeld in Sources */ = {isa = PBXBuildFile; fileRef = 6C1FA0E12442978E00E419EB /* Unifier.xcdatamodeld */; };
		6C1FA0E52442978F00E419EB /* Assets.xcassets in Resources */ = {isa = PBXBuildFile; fileRef = 6C1FA0E42442978F00E419EB /* Assets.xcassets */; };
		6C1FA0E82442978F00E419EB /* LaunchScreen.storyboard in Resources */ = {isa = PBXBuildFile; fileRef = 6C1FA0E62442978F00E419EB /* LaunchScreen.storyboard */; };
		6C1FA0F02443E0BA00E419EB /* FaceLandmarksDetector.swift in Sources */ = {isa = PBXBuildFile; fileRef = 6C1FA0EF2443E0BA00E419EB /* FaceLandmarksDetector.swift */; };
		6C1FA0F52443E32D00E419EB /* UIImage+Rotate.swift in Sources */ = {isa = PBXBuildFile; fileRef = 6C1FA0F42443E32D00E419EB /* UIImage+Rotate.swift */; };
		6C1FA0F92443E4A400E419EB /* CGPoint+Distance.swift in Sources */ = {isa = PBXBuildFile; fileRef = 6C1FA0F82443E4A400E419EB /* CGPoint+Distance.swift */; };
		6C1FA0FB2443E4EA00E419EB /* CGPoint+TriangleThirdVertex.swift in Sources */ = {isa = PBXBuildFile; fileRef = 6C1FA0FA2443E4EA00E419EB /* CGPoint+TriangleThirdVertex.swift */; };
		6C1FA0FD2443F65B00E419EB /* UIAlert+OpenCamera.swift in Sources */ = {isa = PBXBuildFile; fileRef = 6C1FA0FC2443F65B00E419EB /* UIAlert+OpenCamera.swift */; };
		6C1FA0FF2443F79300E419EB /* UIDevice+iPad.swift in Sources */ = {isa = PBXBuildFile; fileRef = 6C1FA0FE2443F79300E419EB /* UIDevice+iPad.swift */; };
		6C1FA1012443FD6800E419EB /* UIImagePickerController+PopOver.swift in Sources */ = {isa = PBXBuildFile; fileRef = 6C1FA1002443FD6800E419EB /* UIImagePickerController+PopOver.swift */; };
		6C1FA1032445596400E419EB /* UnicornSelectionListViewController.swift in Sources */ = {isa = PBXBuildFile; fileRef = 6C1FA1022445596400E419EB /* UnicornSelectionListViewController.swift */; };
		6C1FA1052445596E00E419EB /* UnicornSelectionListViewController.storyboard in Resources */ = {isa = PBXBuildFile; fileRef = 6C1FA1042445596E00E419EB /* UnicornSelectionListViewController.storyboard */; };
		6C1FA1072445598500E419EB /* UnicornSelectionCollectionViewCell.swift in Sources */ = {isa = PBXBuildFile; fileRef = 6C1FA1062445598500E419EB /* UnicornSelectionCollectionViewCell.swift */; };
		6C1FA1092445773600E419EB /* UIView+Blur.swift in Sources */ = {isa = PBXBuildFile; fileRef = 6C1FA1082445773600E419EB /* UIView+Blur.swift */; };
		6C8E808C245406B300F725F4 /* UIImage+Resize.swift in Sources */ = {isa = PBXBuildFile; fileRef = 6C8E808B245406B300F725F4 /* UIImage+Resize.swift */; };
/* End PBXBuildFile section */

/* Begin PBXFileReference section */
		6C1FA0D52442978E00E419EB /* Unifier.app */ = {isa = PBXFileReference; explicitFileType = wrapper.application; includeInIndex = 0; path = Unifier.app; sourceTree = BUILT_PRODUCTS_DIR; };
		6C1FA0D82442978E00E419EB /* AppDelegate.swift */ = {isa = PBXFileReference; lastKnownFileType = sourcecode.swift; path = AppDelegate.swift; sourceTree = "<group>"; };
		6C1FA0DA2442978E00E419EB /* SceneDelegate.swift */ = {isa = PBXFileReference; lastKnownFileType = sourcecode.swift; path = SceneDelegate.swift; sourceTree = "<group>"; };
		6C1FA0DC2442978E00E419EB /* ViewController.swift */ = {isa = PBXFileReference; lastKnownFileType = sourcecode.swift; path = ViewController.swift; sourceTree = "<group>"; };
		6C1FA0DF2442978E00E419EB /* Base */ = {isa = PBXFileReference; lastKnownFileType = file.storyboard; name = Base; path = Base.lproj/Main.storyboard; sourceTree = "<group>"; };
		6C1FA0E22442978E00E419EB /* Unifier.xcdatamodel */ = {isa = PBXFileReference; lastKnownFileType = wrapper.xcdatamodel; path = Unifier.xcdatamodel; sourceTree = "<group>"; };
		6C1FA0E42442978F00E419EB /* Assets.xcassets */ = {isa = PBXFileReference; lastKnownFileType = folder.assetcatalog; path = Assets.xcassets; sourceTree = "<group>"; };
		6C1FA0E72442978F00E419EB /* Base */ = {isa = PBXFileReference; lastKnownFileType = file.storyboard; name = Base; path = Base.lproj/LaunchScreen.storyboard; sourceTree = "<group>"; };
		6C1FA0E92442978F00E419EB /* Info.plist */ = {isa = PBXFileReference; lastKnownFileType = text.plist.xml; path = Info.plist; sourceTree = "<group>"; };
		6C1FA0EF2443E0BA00E419EB /* FaceLandmarksDetector.swift */ = {isa = PBXFileReference; lastKnownFileType = sourcecode.swift; path = FaceLandmarksDetector.swift; sourceTree = "<group>"; };
		6C1FA0F42443E32D00E419EB /* UIImage+Rotate.swift */ = {isa = PBXFileReference; lastKnownFileType = sourcecode.swift; path = "UIImage+Rotate.swift"; sourceTree = "<group>"; };
		6C1FA0F82443E4A400E419EB /* CGPoint+Distance.swift */ = {isa = PBXFileReference; lastKnownFileType = sourcecode.swift; path = "CGPoint+Distance.swift"; sourceTree = "<group>"; };
		6C1FA0FA2443E4EA00E419EB /* CGPoint+TriangleThirdVertex.swift */ = {isa = PBXFileReference; lastKnownFileType = sourcecode.swift; path = "CGPoint+TriangleThirdVertex.swift"; sourceTree = "<group>"; };
		6C1FA0FC2443F65B00E419EB /* UIAlert+OpenCamera.swift */ = {isa = PBXFileReference; lastKnownFileType = sourcecode.swift; path = "UIAlert+OpenCamera.swift"; sourceTree = "<group>"; };
		6C1FA0FE2443F79300E419EB /* UIDevice+iPad.swift */ = {isa = PBXFileReference; lastKnownFileType = sourcecode.swift; path = "UIDevice+iPad.swift"; sourceTree = "<group>"; };
		6C1FA1002443FD6800E419EB /* UIImagePickerController+PopOver.swift */ = {isa = PBXFileReference; lastKnownFileType = sourcecode.swift; path = "UIImagePickerController+PopOver.swift"; sourceTree = "<group>"; };
		6C1FA1022445596400E419EB /* UnicornSelectionListViewController.swift */ = {isa = PBXFileReference; lastKnownFileType = sourcecode.swift; path = UnicornSelectionListViewController.swift; sourceTree = "<group>"; };
		6C1FA1042445596E00E419EB /* UnicornSelectionListViewController.storyboard */ = {isa = PBXFileReference; lastKnownFileType = file.storyboard; path = UnicornSelectionListViewController.storyboard; sourceTree = "<group>"; };
		6C1FA1062445598500E419EB /* UnicornSelectionCollectionViewCell.swift */ = {isa = PBXFileReference; lastKnownFileType = sourcecode.swift; path = UnicornSelectionCollectionViewCell.swift; sourceTree = "<group>"; };
		6C1FA1082445773600E419EB /* UIView+Blur.swift */ = {isa = PBXFileReference; lastKnownFileType = sourcecode.swift; path = "UIView+Blur.swift"; sourceTree = "<group>"; };
		6C8E808B245406B300F725F4 /* UIImage+Resize.swift */ = {isa = PBXFileReference; lastKnownFileType = sourcecode.swift; path = "UIImage+Resize.swift"; sourceTree = "<group>"; };
/* End PBXFileReference section */

/* Begin PBXFrameworksBuildPhase section */
		6C1FA0D22442978E00E419EB /* Frameworks */ = {
			isa = PBXFrameworksBuildPhase;
			buildActionMask = 2147483647;
			files = (
			);
			runOnlyForDeploymentPostprocessing = 0;
		};
/* End PBXFrameworksBuildPhase section */

/* Begin PBXGroup section */
		6C1FA0CC2442978E00E419EB = {
			isa = PBXGroup;
			children = (
				6C1FA0D72442978E00E419EB /* Unifier */,
				6C1FA0D62442978E00E419EB /* Products */,
			);
			sourceTree = "<group>";
		};
		6C1FA0D62442978E00E419EB /* Products */ = {
			isa = PBXGroup;
			children = (
				6C1FA0D52442978E00E419EB /* Unifier.app */,
			);
			name = Products;
			sourceTree = "<group>";
		};
		6C1FA0D72442978E00E419EB /* Unifier */ = {
			isa = PBXGroup;
			children = (
				6C1FA0F12443E2E700E419EB /* Extensions */,
				6C1FA0D82442978E00E419EB /* AppDelegate.swift */,
				6C1FA0DA2442978E00E419EB /* SceneDelegate.swift */,
				6C1FA0DC2442978E00E419EB /* ViewController.swift */,
				6C1FA0DE2442978E00E419EB /* Main.storyboard */,
				6C1FA0E42442978F00E419EB /* Assets.xcassets */,
				6C1FA0E62442978F00E419EB /* LaunchScreen.storyboard */,
				6C1FA0E92442978F00E419EB /* Info.plist */,
				6C1FA0E12442978E00E419EB /* Unifier.xcdatamodeld */,
				6C1FA0EF2443E0BA00E419EB /* FaceLandmarksDetector.swift */,
				6C1FA1022445596400E419EB /* UnicornSelectionListViewController.swift */,
				6C1FA1042445596E00E419EB /* UnicornSelectionListViewController.storyboard */,
				6C1FA1062445598500E419EB /* UnicornSelectionCollectionViewCell.swift */,
			);
			path = Unifier;
			sourceTree = "<group>";
		};
		6C1FA0F12443E2E700E419EB /* Extensions */ = {
			isa = PBXGroup;
			children = (
				6C1FA0F42443E32D00E419EB /* UIImage+Rotate.swift */,
				6C1FA0F82443E4A400E419EB /* CGPoint+Distance.swift */,
				6C1FA0FA2443E4EA00E419EB /* CGPoint+TriangleThirdVertex.swift */,
				6C1FA0FC2443F65B00E419EB /* UIAlert+OpenCamera.swift */,
				6C1FA0FE2443F79300E419EB /* UIDevice+iPad.swift */,
				6C1FA1002443FD6800E419EB /* UIImagePickerController+PopOver.swift */,
				6C1FA1082445773600E419EB /* UIView+Blur.swift */,
				6C8E808B245406B300F725F4 /* UIImage+Resize.swift */,
			);
			path = Extensions;
			sourceTree = "<group>";
		};
/* End PBXGroup section */

/* Begin PBXNativeTarget section */
		6C1FA0D42442978E00E419EB /* Unifier */ = {
			isa = PBXNativeTarget;
			buildConfigurationList = 6C1FA0EC2442978F00E419EB /* Build configuration list for PBXNativeTarget "Unifier" */;
			buildPhases = (
				6C1FA0D12442978E00E419EB /* Sources */,
				6C1FA0D22442978E00E419EB /* Frameworks */,
				6C1FA0D32442978E00E419EB /* Resources */,
			);
			buildRules = (
			);
			dependencies = (
			);
			name = Unifier;
			productName = Unifier;
			productReference = 6C1FA0D52442978E00E419EB /* Unifier.app */;
			productType = "com.apple.product-type.application";
		};
/* End PBXNativeTarget section */

/* Begin PBXProject section */
		6C1FA0CD2442978E00E419EB /* Project object */ = {
			isa = PBXProject;
			attributes = {
				LastSwiftUpdateCheck = 1130;
				LastUpgradeCheck = 1130;
				ORGANIZATIONNAME = CBS;
				TargetAttributes = {
					6C1FA0D42442978E00E419EB = {
						CreatedOnToolsVersion = 11.3;
					};
				};
			};
			buildConfigurationList = 6C1FA0D02442978E00E419EB /* Build configuration list for PBXProject "Unifier" */;
			compatibilityVersion = "Xcode 9.3";
			developmentRegion = en;
			hasScannedForEncodings = 0;
			knownRegions = (
				en,
				Base,
			);
			mainGroup = 6C1FA0CC2442978E00E419EB;
			productRefGroup = 6C1FA0D62442978E00E419EB /* Products */;
			projectDirPath = "";
			projectRoot = "";
			targets = (
				6C1FA0D42442978E00E419EB /* Unifier */,
			);
		};
/* End PBXProject section */

/* Begin PBXResourcesBuildPhase section */
		6C1FA0D32442978E00E419EB /* Resources */ = {
			isa = PBXResourcesBuildPhase;
			buildActionMask = 2147483647;
			files = (
				6C1FA0E82442978F00E419EB /* LaunchScreen.storyboard in Resources */,
				6C1FA0E52442978F00E419EB /* Assets.xcassets in Resources */,
				6C1FA0E02442978E00E419EB /* Main.storyboard in Resources */,
				6C1FA1052445596E00E419EB /* UnicornSelectionListViewController.storyboard in Resources */,
			);
			runOnlyForDeploymentPostprocessing = 0;
		};
/* End PBXResourcesBuildPhase section */

/* Begin PBXSourcesBuildPhase section */
		6C1FA0D12442978E00E419EB /* Sources */ = {
			isa = PBXSourcesBuildPhase;
			buildActionMask = 2147483647;
			files = (
				6C1FA0F52443E32D00E419EB /* UIImage+Rotate.swift in Sources */,
				6C1FA0DD2442978E00E419EB /* ViewController.swift in Sources */,
				6C1FA0D92442978E00E419EB /* AppDelegate.swift in Sources */,
				6C1FA0E32442978E00E419EB /* Unifier.xcdatamodeld in Sources */,
				6C1FA1092445773600E419EB /* UIView+Blur.swift in Sources */,
				6C1FA1012443FD6800E419EB /* UIImagePickerController+PopOver.swift in Sources */,
				6C1FA0FF2443F79300E419EB /* UIDevice+iPad.swift in Sources */,
				6C1FA1032445596400E419EB /* UnicornSelectionListViewController.swift in Sources */,
				6C8E808C245406B300F725F4 /* UIImage+Resize.swift in Sources */,
				6C1FA1072445598500E419EB /* UnicornSelectionCollectionViewCell.swift in Sources */,
				6C1FA0F92443E4A400E419EB /* CGPoint+Distance.swift in Sources */,
				6C1FA0F02443E0BA00E419EB /* FaceLandmarksDetector.swift in Sources */,
				6C1FA0FB2443E4EA00E419EB /* CGPoint+TriangleThirdVertex.swift in Sources */,
				6C1FA0DB2442978E00E419EB /* SceneDelegate.swift in Sources */,
				6C1FA0FD2443F65B00E419EB /* UIAlert+OpenCamera.swift in Sources */,
			);
			runOnlyForDeploymentPostprocessing = 0;
		};
/* End PBXSourcesBuildPhase section */

/* Begin PBXVariantGroup section */
		6C1FA0DE2442978E00E419EB /* Main.storyboard */ = {
			isa = PBXVariantGroup;
			children = (
				6C1FA0DF2442978E00E419EB /* Base */,
			);
			name = Main.storyboard;
			sourceTree = "<group>";
		};
		6C1FA0E62442978F00E419EB /* LaunchScreen.storyboard */ = {
			isa = PBXVariantGroup;
			children = (
				6C1FA0E72442978F00E419EB /* Base */,
			);
			name = LaunchScreen.storyboard;
			sourceTree = "<group>";
		};
/* End PBXVariantGroup section */

/* Begin XCBuildConfiguration section */
		6C1FA0EA2442978F00E419EB /* Debug */ = {
			isa = XCBuildConfiguration;
			buildSettings = {
				ALWAYS_SEARCH_USER_PATHS = NO;
				CLANG_ANALYZER_NONNULL = YES;
				CLANG_ANALYZER_NUMBER_OBJECT_CONVERSION = YES_AGGRESSIVE;
				CLANG_CXX_LANGUAGE_STANDARD = "gnu++14";
				CLANG_CXX_LIBRARY = "libc++";
				CLANG_ENABLE_MODULES = YES;
				CLANG_ENABLE_OBJC_ARC = YES;
				CLANG_ENABLE_OBJC_WEAK = YES;
				CLANG_WARN_BLOCK_CAPTURE_AUTORELEASING = YES;
				CLANG_WARN_BOOL_CONVERSION = YES;
				CLANG_WARN_COMMA = YES;
				CLANG_WARN_CONSTANT_CONVERSION = YES;
				CLANG_WARN_DEPRECATED_OBJC_IMPLEMENTATIONS = YES;
				CLANG_WARN_DIRECT_OBJC_ISA_USAGE = YES_ERROR;
				CLANG_WARN_DOCUMENTATION_COMMENTS = YES;
				CLANG_WARN_EMPTY_BODY = YES;
				CLANG_WARN_ENUM_CONVERSION = YES;
				CLANG_WARN_INFINITE_RECURSION = YES;
				CLANG_WARN_INT_CONVERSION = YES;
				CLANG_WARN_NON_LITERAL_NULL_CONVERSION = YES;
				CLANG_WARN_OBJC_IMPLICIT_RETAIN_SELF = YES;
				CLANG_WARN_OBJC_LITERAL_CONVERSION = YES;
				CLANG_WARN_OBJC_ROOT_CLASS = YES_ERROR;
				CLANG_WARN_RANGE_LOOP_ANALYSIS = YES;
				CLANG_WARN_STRICT_PROTOTYPES = YES;
				CLANG_WARN_SUSPICIOUS_MOVE = YES;
				CLANG_WARN_UNGUARDED_AVAILABILITY = YES_AGGRESSIVE;
				CLANG_WARN_UNREACHABLE_CODE = YES;
				CLANG_WARN__DUPLICATE_METHOD_MATCH = YES;
				COPY_PHASE_STRIP = NO;
				DEBUG_INFORMATION_FORMAT = dwarf;
				ENABLE_STRICT_OBJC_MSGSEND = YES;
				ENABLE_TESTABILITY = YES;
				GCC_C_LANGUAGE_STANDARD = gnu11;
				GCC_DYNAMIC_NO_PIC = NO;
				GCC_NO_COMMON_BLOCKS = YES;
				GCC_OPTIMIZATION_LEVEL = 0;
				GCC_PREPROCESSOR_DEFINITIONS = (
					"DEBUG=1",
					"$(inherited)",
				);
				GCC_WARN_64_TO_32_BIT_CONVERSION = YES;
				GCC_WARN_ABOUT_RETURN_TYPE = YES_ERROR;
				GCC_WARN_UNDECLARED_SELECTOR = YES;
				GCC_WARN_UNINITIALIZED_AUTOS = YES_AGGRESSIVE;
				GCC_WARN_UNUSED_FUNCTION = YES;
				GCC_WARN_UNUSED_VARIABLE = YES;
				IPHONEOS_DEPLOYMENT_TARGET = 13.2;
				MTL_ENABLE_DEBUG_INFO = INCLUDE_SOURCE;
				MTL_FAST_MATH = YES;
				ONLY_ACTIVE_ARCH = YES;
				SDKROOT = iphoneos;
				SWIFT_ACTIVE_COMPILATION_CONDITIONS = DEBUG;
				SWIFT_OPTIMIZATION_LEVEL = "-Onone";
			};
			name = Debug;
		};
		6C1FA0EB2442978F00E419EB /* Release */ = {
			isa = XCBuildConfiguration;
			buildSettings = {
				ALWAYS_SEARCH_USER_PATHS = NO;
				CLANG_ANALYZER_NONNULL = YES;
				CLANG_ANALYZER_NUMBER_OBJECT_CONVERSION = YES_AGGRESSIVE;
				CLANG_CXX_LANGUAGE_STANDARD = "gnu++14";
				CLANG_CXX_LIBRARY = "libc++";
				CLANG_ENABLE_MODULES = YES;
				CLANG_ENABLE_OBJC_ARC = YES;
				CLANG_ENABLE_OBJC_WEAK = YES;
				CLANG_WARN_BLOCK_CAPTURE_AUTORELEASING = YES;
				CLANG_WARN_BOOL_CONVERSION = YES;
				CLANG_WARN_COMMA = YES;
				CLANG_WARN_CONSTANT_CONVERSION = YES;
				CLANG_WARN_DEPRECATED_OBJC_IMPLEMENTATIONS = YES;
				CLANG_WARN_DIRECT_OBJC_ISA_USAGE = YES_ERROR;
				CLANG_WARN_DOCUMENTATION_COMMENTS = YES;
				CLANG_WARN_EMPTY_BODY = YES;
				CLANG_WARN_ENUM_CONVERSION = YES;
				CLANG_WARN_INFINITE_RECURSION = YES;
				CLANG_WARN_INT_CONVERSION = YES;
				CLANG_WARN_NON_LITERAL_NULL_CONVERSION = YES;
				CLANG_WARN_OBJC_IMPLICIT_RETAIN_SELF = YES;
				CLANG_WARN_OBJC_LITERAL_CONVERSION = YES;
				CLANG_WARN_OBJC_ROOT_CLASS = YES_ERROR;
				CLANG_WARN_RANGE_LOOP_ANALYSIS = YES;
				CLANG_WARN_STRICT_PROTOTYPES = YES;
				CLANG_WARN_SUSPICIOUS_MOVE = YES;
				CLANG_WARN_UNGUARDED_AVAILABILITY = YES_AGGRESSIVE;
				CLANG_WARN_UNREACHABLE_CODE = YES;
				CLANG_WARN__DUPLICATE_METHOD_MATCH = YES;
				COPY_PHASE_STRIP = NO;
				DEBUG_INFORMATION_FORMAT = "dwarf-with-dsym";
				ENABLE_NS_ASSERTIONS = NO;
				ENABLE_STRICT_OBJC_MSGSEND = YES;
				GCC_C_LANGUAGE_STANDARD = gnu11;
				GCC_NO_COMMON_BLOCKS = YES;
				GCC_WARN_64_TO_32_BIT_CONVERSION = YES;
				GCC_WARN_ABOUT_RETURN_TYPE = YES_ERROR;
				GCC_WARN_UNDECLARED_SELECTOR = YES;
				GCC_WARN_UNINITIALIZED_AUTOS = YES_AGGRESSIVE;
				GCC_WARN_UNUSED_FUNCTION = YES;
				GCC_WARN_UNUSED_VARIABLE = YES;
				IPHONEOS_DEPLOYMENT_TARGET = 13.2;
				MTL_ENABLE_DEBUG_INFO = NO;
				MTL_FAST_MATH = YES;
				SDKROOT = iphoneos;
				SWIFT_COMPILATION_MODE = wholemodule;
				SWIFT_OPTIMIZATION_LEVEL = "-O";
				VALIDATE_PRODUCT = YES;
			};
			name = Release;
		};
		6C1FA0ED2442978F00E419EB /* Debug */ = {
			isa = XCBuildConfiguration;
			buildSettings = {
				ASSETCATALOG_COMPILER_APPICON_NAME = AppIcon;
				CODE_SIGN_STYLE = Automatic;
				DEVELOPMENT_TEAM = U7U729472V;
				INFOPLIST_FILE = Unifier/Info.plist;
				LD_RUNPATH_SEARCH_PATHS = (
					"$(inherited)",
					"@executable_path/Frameworks",
				);
				PRODUCT_BUNDLE_IDENTIFIER = com.yogeshkohli.Unifier;
				PRODUCT_NAME = "$(TARGET_NAME)";
				SWIFT_VERSION = 5.0;
				TARGETED_DEVICE_FAMILY = "1,2";
			};
			name = Debug;
		};
		6C1FA0EE2442978F00E419EB /* Release */ = {
			isa = XCBuildConfiguration;
			buildSettings = {
				ASSETCATALOG_COMPILER_APPICON_NAME = AppIcon;
				CODE_SIGN_STYLE = Automatic;
				DEVELOPMENT_TEAM = U7U729472V;
				INFOPLIST_FILE = Unifier/Info.plist;
				LD_RUNPATH_SEARCH_PATHS = (
					"$(inherited)",
					"@executable_path/Frameworks",
				);
				PRODUCT_BUNDLE_IDENTIFIER = com.yogeshkohli.Unifier;
				PRODUCT_NAME = "$(TARGET_NAME)";
				SWIFT_VERSION = 5.0;
				TARGETED_DEVICE_FAMILY = "1,2";
			};
			name = Release;
		};
/* End XCBuildConfiguration section */

/* Begin XCConfigurationList section */
		6C1FA0D02442978E00E419EB /* Build configuration list for PBXProject "Unifier" */ = {
			isa = XCConfigurationList;
			buildConfigurations = (
				6C1FA0EA2442978F00E419EB /* Debug */,
				6C1FA0EB2442978F00E419EB /* Release */,
			);
			defaultConfigurationIsVisible = 0;
			defaultConfigurationName = Release;
		};
		6C1FA0EC2442978F00E419EB /* Build configuration list for PBXNativeTarget "Unifier" */ = {
			isa = XCConfigurationList;
			buildConfigurations = (
				6C1FA0ED2442978F00E419EB /* Debug */,
				6C1FA0EE2442978F00E419EB /* Release */,
			);
			defaultConfigurationIsVisible = 0;
			defaultConfigurationName = Release;
		};
/* End XCConfigurationList section */

/* Begin XCVersionGroup section */
		6C1FA0E12442978E00E419EB /* Unifier.xcdatamodeld */ = {
			isa = XCVersionGroup;
			children = (
				6C1FA0E22442978E00E419EB /* Unifier.xcdatamodel */,
			);
			currentVersion = 6C1FA0E22442978E00E419EB /* Unifier.xcdatamodel */;
			path = Unifier.xcdatamodeld;
			sourceTree = "<group>";
			versionGroupType = wrapper.xcdatamodel;
		};
/* End XCVersionGroup section */
	};
	rootObject = 6C1FA0CD2442978E00E419EB /* Project object */;
}
